// !$*UTF8*$!
{
	archiveVersion = 1;
	classes = {
	};
	objectVersion = 46;
	objects = {

/* Begin PBXBuildFile section */
		D64A7F951B6F56E6008BA89F /* main.m in Sources */ = {isa = PBXBuildFile; fileRef = D64A7F941B6F56E6008BA89F /* main.m */; };
		D64A7F981B6F56E6008BA89F /* AppDelegate.m in Sources */ = {isa = PBXBuildFile; fileRef = D64A7F971B6F56E6008BA89F /* AppDelegate.m */; };
		D64A7F9B1B6F56E6008BA89F /* ViewController.m in Sources */ = {isa = PBXBuildFile; fileRef = D64A7F9A1B6F56E6008BA89F /* ViewController.m */; };
		D64A7F9E1B6F56E6008BA89F /* Main.storyboard in Resources */ = {isa = PBXBuildFile; fileRef = D64A7F9C1B6F56E6008BA89F /* Main.storyboard */; };
		D64A7FA01B6F56E6008BA89F /* Images.xcassets in Resources */ = {isa = PBXBuildFile; fileRef = D64A7F9F1B6F56E6008BA89F /* Images.xcassets */; };
		D64A7FA31B6F56E6008BA89F /* LaunchScreen.xib in Resources */ = {isa = PBXBuildFile; fileRef = D64A7FA11B6F56E6008BA89F /* LaunchScreen.xib */; };
		D64A7FAF1B6F56E7008BA89F /* sjvideoEffectTests.m in Sources */ = {isa = PBXBuildFile; fileRef = D64A7FAE1B6F56E7008BA89F /* sjvideoEffectTests.m */; };
		D64A7FB91B6F5708008BA89F /* OpenGLES.framework in Frameworks */ = {isa = PBXBuildFile; fileRef = D64A7FB81B6F5708008BA89F /* OpenGLES.framework */; };
		D64A7FBB1B6F5711008BA89F /* CoreVideo.framework in Frameworks */ = {isa = PBXBuildFile; fileRef = D64A7FBA1B6F5711008BA89F /* CoreVideo.framework */; };
		D64A7FBD1B6F5719008BA89F /* QuartzCore.framework in Frameworks */ = {isa = PBXBuildFile; fileRef = D64A7FBC1B6F5719008BA89F /* QuartzCore.framework */; };
		D64A7FBF1B6F571E008BA89F /* AVFoundation.framework in Frameworks */ = {isa = PBXBuildFile; fileRef = D64A7FBE1B6F571E008BA89F /* AVFoundation.framework */; };
		D64A7FC11B6F5727008BA89F /* CoreMedia.framework in Frameworks */ = {isa = PBXBuildFile; fileRef = D64A7FC01B6F5727008BA89F /* CoreMedia.framework */; };
		D64A7FC31B6F5733008BA89F /* CoreAudio.framework in Frameworks */ = {isa = PBXBuildFile; fileRef = D64A7FC21B6F5733008BA89F /* CoreAudio.framework */; };
/* End PBXBuildFile section */

/* Begin PBXContainerItemProxy section */
		D64A7FA91B6F56E7008BA89F /* PBXContainerItemProxy */ = {
			isa = PBXContainerItemProxy;
			containerPortal = D64A7F871B6F56E6008BA89F /* Project object */;
			proxyType = 1;
			remoteGlobalIDString = D64A7F8E1B6F56E6008BA89F;
			remoteInfo = sjvideoEffect;
		};
/* End PBXContainerItemProxy section */

/* Begin PBXFileReference section */
		D64A7F8F1B6F56E6008BA89F /* sjvideoEffect.app */ = {isa = PBXFileReference; explicitFileType = wrapper.application; includeInIndex = 0; path = sjvideoEffect.app; sourceTree = BUILT_PRODUCTS_DIR; };
		D64A7F931B6F56E6008BA89F /* Info.plist */ = {isa = PBXFileReference; lastKnownFileType = text.plist.xml; path = Info.plist; sourceTree = "<group>"; };
		D64A7F941B6F56E6008BA89F /* main.m */ = {isa = PBXFileReference; lastKnownFileType = sourcecode.c.objc; path = main.m; sourceTree = "<group>"; };
		D64A7F961B6F56E6008BA89F /* AppDelegate.h */ = {isa = PBXFileReference; lastKnownFileType = sourcecode.c.h; path = AppDelegate.h; sourceTree = "<group>"; };
		D64A7F971B6F56E6008BA89F /* AppDelegate.m */ = {isa = PBXFileReference; lastKnownFileType = sourcecode.c.objc; path = AppDelegate.m; sourceTree = "<group>"; };
		D64A7F991B6F56E6008BA89F /* ViewController.h */ = {isa = PBXFileReference; lastKnownFileType = sourcecode.c.h; path = ViewController.h; sourceTree = "<group>"; };
		D64A7F9A1B6F56E6008BA89F /* ViewController.m */ = {isa = PBXFileReference; lastKnownFileType = sourcecode.c.objc; path = ViewController.m; sourceTree = "<group>"; };
		D64A7F9D1B6F56E6008BA89F /* Base */ = {isa = PBXFileReference; lastKnownFileType = file.storyboard; name = Base; path = Base.lproj/Main.storyboard; sourceTree = "<group>"; };
		D64A7F9F1B6F56E6008BA89F /* Images.xcassets */ = {isa = PBXFileReference; lastKnownFileType = folder.assetcatalog; path = Images.xcassets; sourceTree = "<group>"; };
		D64A7FA21B6F56E6008BA89F /* Base */ = {isa = PBXFileReference; lastKnownFileType = file.xib; name = Base; path = Base.lproj/LaunchScreen.xib; sourceTree = "<group>"; };
		D64A7FA81B6F56E7008BA89F /* sjvideoEffectTests.xctest */ = {isa = PBXFileReference; explicitFileType = wrapper.cfbundle; includeInIndex = 0; path = sjvideoEffectTests.xctest; sourceTree = BUILT_PRODUCTS_DIR; };
		D64A7FAD1B6F56E7008BA89F /* Info.plist */ = {isa = PBXFileReference; lastKnownFileType = text.plist.xml; path = Info.plist; sourceTree = "<group>"; };
		D64A7FAE1B6F56E7008BA89F /* sjvideoEffectTests.m */ = {isa = PBXFileReference; lastKnownFileType = sourcecode.c.objc; path = sjvideoEffectTests.m; sourceTree = "<group>"; };
		D64A7FB81B6F5708008BA89F /* OpenGLES.framework */ = {isa = PBXFileReference; lastKnownFileType = wrapper.framework; name = OpenGLES.framework; path = System/Library/Frameworks/OpenGLES.framework; sourceTree = SDKROOT; };
		D64A7FBA1B6F5711008BA89F /* CoreVideo.framework */ = {isa = PBXFileReference; lastKnownFileType = wrapper.framework; name = CoreVideo.framework; path = System/Library/Frameworks/CoreVideo.framework; sourceTree = SDKROOT; };
		D64A7FBC1B6F5719008BA89F /* QuartzCore.framework */ = {isa = PBXFileReference; lastKnownFileType = wrapper.framework; name = QuartzCore.framework; path = System/Library/Frameworks/QuartzCore.framework; sourceTree = SDKROOT; };
		D64A7FBE1B6F571E008BA89F /* AVFoundation.framework */ = {isa = PBXFileReference; lastKnownFileType = wrapper.framework; name = AVFoundation.framework; path = System/Library/Frameworks/AVFoundation.framework; sourceTree = SDKROOT; };
		D64A7FC01B6F5727008BA89F /* CoreMedia.framework */ = {isa = PBXFileReference; lastKnownFileType = wrapper.framework; name = CoreMedia.framework; path = System/Library/Frameworks/CoreMedia.framework; sourceTree = SDKROOT; };
		D64A7FC21B6F5733008BA89F /* CoreAudio.framework */ = {isa = PBXFileReference; lastKnownFileType = wrapper.framework; name = CoreAudio.framework; path = System/Library/Frameworks/CoreAudio.framework; sourceTree = SDKROOT; };
/* End PBXFileReference section */

/* Begin PBXFrameworksBuildPhase section */
		D64A7F8C1B6F56E6008BA89F /* Frameworks */ = {
			isa = PBXFrameworksBuildPhase;
			buildActionMask = 2147483647;
			files = (
				D64A7FC31B6F5733008BA89F /* CoreAudio.framework in Frameworks */,
				D64A7FC11B6F5727008BA89F /* CoreMedia.framework in Frameworks */,
				D64A7FBF1B6F571E008BA89F /* AVFoundation.framework in Frameworks */,
				D64A7FBD1B6F5719008BA89F /* QuartzCore.framework in Frameworks */,
				D64A7FBB1B6F5711008BA89F /* CoreVideo.framework in Frameworks */,
				D64A7FB91B6F5708008BA89F /* OpenGLES.framework in Frameworks */,
			);
			runOnlyForDeploymentPostprocessing = 0;
		};
		D64A7FA51B6F56E7008BA89F /* Frameworks */ = {
			isa = PBXFrameworksBuildPhase;
			buildActionMask = 2147483647;
			files = (
			);
			runOnlyForDeploymentPostprocessing = 0;
		};
/* End PBXFrameworksBuildPhase section */

/* Begin PBXGroup section */
		D64A7F861B6F56E6008BA89F = {
			isa = PBXGroup;
			children = (
				D64A7FC21B6F5733008BA89F /* CoreAudio.framework */,
				D64A7FC01B6F5727008BA89F /* CoreMedia.framework */,
				D64A7FBE1B6F571E008BA89F /* AVFoundation.framework */,
				D64A7FBC1B6F5719008BA89F /* QuartzCore.framework */,
				D64A7FBA1B6F5711008BA89F /* CoreVideo.framework */,
				D64A7FB81B6F5708008BA89F /* OpenGLES.framework */,
				D64A7F911B6F56E6008BA89F /* sjvideoEffect */,
				D64A7FAB1B6F56E7008BA89F /* sjvideoEffectTests */,
				D64A7F901B6F56E6008BA89F /* Products */,
			);
			sourceTree = "<group>";
		};
		D64A7F901B6F56E6008BA89F /* Products */ = {
			isa = PBXGroup;
			children = (
				D64A7F8F1B6F56E6008BA89F /* sjvideoEffect.app */,
				D64A7FA81B6F56E7008BA89F /* sjvideoEffectTests.xctest */,
			);
			name = Products;
			sourceTree = "<group>";
		};
		D64A7F911B6F56E6008BA89F /* sjvideoEffect */ = {
			isa = PBXGroup;
			children = (
				D64A7F961B6F56E6008BA89F /* AppDelegate.h */,
				D64A7F971B6F56E6008BA89F /* AppDelegate.m */,
				D64A7F991B6F56E6008BA89F /* ViewController.h */,
				D64A7F9A1B6F56E6008BA89F /* ViewController.m */,
				D64A7F9C1B6F56E6008BA89F /* Main.storyboard */,
				D64A7F9F1B6F56E6008BA89F /* Images.xcassets */,
				D64A7FA11B6F56E6008BA89F /* LaunchScreen.xib */,
				D64A7F921B6F56E6008BA89F /* Supporting Files */,
			);
			path = sjvideoEffect;
			sourceTree = "<group>";
		};
		D64A7F921B6F56E6008BA89F /* Supporting Files */ = {
			isa = PBXGroup;
			children = (
				D64A7F931B6F56E6008BA89F /* Info.plist */,
				D64A7F941B6F56E6008BA89F /* main.m */,
			);
			name = "Supporting Files";
			sourceTree = "<group>";
		};
		D64A7FAB1B6F56E7008BA89F /* sjvideoEffectTests */ = {
			isa = PBXGroup;
			children = (
				D64A7FAE1B6F56E7008BA89F /* sjvideoEffectTests.m */,
				D64A7FAC1B6F56E7008BA89F /* Supporting Files */,
			);
			path = sjvideoEffectTests;
			sourceTree = "<group>";
		};
		D64A7FAC1B6F56E7008BA89F /* Supporting Files */ = {
			isa = PBXGroup;
			children = (
				D64A7FAD1B6F56E7008BA89F /* Info.plist */,
			);
			name = "Supporting Files";
			sourceTree = "<group>";
		};
/* End PBXGroup section */

/* Begin PBXNativeTarget section */
		D64A7F8E1B6F56E6008BA89F /* sjvideoEffect */ = {
			isa = PBXNativeTarget;
			buildConfigurationList = D64A7FB21B6F56E7008BA89F /* Build configuration list for PBXNativeTarget "sjvideoEffect" */;
			buildPhases = (
				D64A7F8B1B6F56E6008BA89F /* Sources */,
				D64A7F8C1B6F56E6008BA89F /* Frameworks */,
				D64A7F8D1B6F56E6008BA89F /* Resources */,
			);
			buildRules = (
			);
			dependencies = (
			);
			name = sjvideoEffect;
			productName = sjvideoEffect;
			productReference = D64A7F8F1B6F56E6008BA89F /* sjvideoEffect.app */;
			productType = "com.apple.product-type.application";
		};
		D64A7FA71B6F56E7008BA89F /* sjvideoEffectTests */ = {
			isa = PBXNativeTarget;
			buildConfigurationList = D64A7FB51B6F56E7008BA89F /* Build configuration list for PBXNativeTarget "sjvideoEffectTests" */;
			buildPhases = (
				D64A7FA41B6F56E7008BA89F /* Sources */,
				D64A7FA51B6F56E7008BA89F /* Frameworks */,
				D64A7FA61B6F56E7008BA89F /* Resources */,
			);
			buildRules = (
			);
			dependencies = (
				D64A7FAA1B6F56E7008BA89F /* PBXTargetDependency */,
			);
			name = sjvideoEffectTests;
			productName = sjvideoEffectTests;
			productReference = D64A7FA81B6F56E7008BA89F /* sjvideoEffectTests.xctest */;
			productType = "com.apple.product-type.bundle.unit-test";
		};
/* End PBXNativeTarget section */

/* Begin PBXProject section */
		D64A7F871B6F56E6008BA89F /* Project object */ = {
			isa = PBXProject;
			attributes = {
				LastUpgradeCheck = 0640;
				ORGANIZATIONNAME = Lightning;
				TargetAttributes = {
					D64A7F8E1B6F56E6008BA89F = {
						CreatedOnToolsVersion = 6.4;
					};
					D64A7FA71B6F56E7008BA89F = {
						CreatedOnToolsVersion = 6.4;
						TestTargetID = D64A7F8E1B6F56E6008BA89F;
					};
				};
			};
			buildConfigurationList = D64A7F8A1B6F56E6008BA89F /* Build configuration list for PBXProject "sjvideoEffect" */;
			compatibilityVersion = "Xcode 3.2";
			developmentRegion = English;
			hasScannedForEncodings = 0;
			knownRegions = (
				en,
				Base,
			);
			mainGroup = D64A7F861B6F56E6008BA89F;
			productRefGroup = D64A7F901B6F56E6008BA89F /* Products */;
			projectDirPath = "";
			projectRoot = "";
			targets = (
				D64A7F8E1B6F56E6008BA89F /* sjvideoEffect */,
				D64A7FA71B6F56E7008BA89F /* sjvideoEffectTests */,
			);
		};
/* End PBXProject section */

/* Begin PBXResourcesBuildPhase section */
		D64A7F8D1B6F56E6008BA89F /* Resources */ = {
			isa = PBXResourcesBuildPhase;
			buildActionMask = 2147483647;
			files = (
				D64A7F9E1B6F56E6008BA89F /* Main.storyboard in Resources */,
				D64A7FA31B6F56E6008BA89F /* LaunchScreen.xib in Resources */,
				D64A7FA01B6F56E6008BA89F /* Images.xcassets in Resources */,
			);
			runOnlyForDeploymentPostprocessing = 0;
		};
		D64A7FA61B6F56E7008BA89F /* Resources */ = {
			isa = PBXResourcesBuildPhase;
			buildActionMask = 2147483647;
			files = (
			);
			runOnlyForDeploymentPostprocessing = 0;
		};
/* End PBXResourcesBuildPhase section */

/* Begin PBXSourcesBuildPhase section */
		D64A7F8B1B6F56E6008BA89F /* Sources */ = {
			isa = PBXSourcesBuildPhase;
			buildActionMask = 2147483647;
			files = (
				D64A7F9B1B6F56E6008BA89F /* ViewController.m in Sources */,
				D64A7F981B6F56E6008BA89F /* AppDelegate.m in Sources */,
				D64A7F951B6F56E6008BA89F /* main.m in Sources */,
			);
			runOnlyForDeploymentPostprocessing = 0;
		};
		D64A7FA41B6F56E7008BA89F /* Sources */ = {
			isa = PBXSourcesBuildPhase;
			buildActionMask = 2147483647;
			files = (
				D64A7FAF1B6F56E7008BA89F /* sjvideoEffectTests.m in Sources */,
			);
			runOnlyForDeploymentPostprocessing = 0;
		};
/* End PBXSourcesBuildPhase section */

/* Begin PBXTargetDependency section */
		D64A7FAA1B6F56E7008BA89F /* PBXTargetDependency */ = {
			isa = PBXTargetDependency;
			target = D64A7F8E1B6F56E6008BA89F /* sjvideoEffect */;
			targetProxy = D64A7FA91B6F56E7008BA89F /* PBXContainerItemProxy */;
		};
/* End PBXTargetDependency section */

/* Begin PBXVariantGroup section */
		D64A7F9C1B6F56E6008BA89F /* Main.storyboard */ = {
			isa = PBXVariantGroup;
			children = (
				D64A7F9D1B6F56E6008BA89F /* Base */,
			);
			name = Main.storyboard;
			sourceTree = "<group>";
		};
		D64A7FA11B6F56E6008BA89F /* LaunchScreen.xib */ = {
			isa = PBXVariantGroup;
			children = (
				D64A7FA21B6F56E6008BA89F /* Base */,
			);
			name = LaunchScreen.xib;
			sourceTree = "<group>";
		};
/* End PBXVariantGroup section */

/* Begin XCBuildConfiguration section */
		D64A7FB01B6F56E7008BA89F /* Debug */ = {
			isa = XCBuildConfiguration;
			buildSettings = {
				ALWAYS_SEARCH_USER_PATHS = NO;
				CLANG_CXX_LANGUAGE_STANDARD = "gnu++0x";
				CLANG_CXX_LIBRARY = "libc++";
				CLANG_ENABLE_MODULES = YES;
				CLANG_ENABLE_OBJC_ARC = YES;
				CLANG_WARN_BOOL_CONVERSION = YES;
				CLANG_WARN_CONSTANT_CONVERSION = YES;
				CLANG_WARN_DIRECT_OBJC_ISA_USAGE = YES_ERROR;
				CLANG_WARN_EMPTY_BODY = YES;
				CLANG_WARN_ENUM_CONVERSION = YES;
				CLANG_WARN_INT_CONVERSION = YES;
				CLANG_WARN_OBJC_ROOT_CLASS = YES_ERROR;
				CLANG_WARN_UNREACHABLE_CODE = YES;
				CLANG_WARN__DUPLICATE_METHOD_MATCH = YES;
				"CODE_SIGN_IDENTITY[sdk=iphoneos*]" = "iPhone Developer";
				COPY_PHASE_STRIP = NO;
				DEBUG_INFORMATION_FORMAT = "dwarf-with-dsym";
				ENABLE_STRICT_OBJC_MSGSEND = YES;
				GCC_C_LANGUAGE_STANDARD = gnu99;
				GCC_DYNAMIC_NO_PIC = NO;
				GCC_NO_COMMON_BLOCKS = YES;
				GCC_OPTIMIZATION_LEVEL = 0;
				GCC_PREPROCESSOR_DEFINITIONS = (
					"DEBUG=1",
					"$(inherited)",
				);
				GCC_SYMBOLS_PRIVATE_EXTERN = NO;
				GCC_WARN_64_TO_32_BIT_CONVERSION = YES;
				GCC_WARN_ABOUT_RETURN_TYPE = YES_ERROR;
				GCC_WARN_UNDECLARED_SELECTOR = YES;
				GCC_WARN_UNINITIALIZED_AUTOS = YES_AGGRESSIVE;
				GCC_WARN_UNUSED_FUNCTION = YES;
				GCC_WARN_UNUSED_VARIABLE = YES;
				IPHONEOS_DEPLOYMENT_TARGET = 8.4;
				MTL_ENABLE_DEBUG_INFO = YES;
				ONLY_ACTIVE_ARCH = YES;
				SDKROOT = iphoneos;
				TARGETED_DEVICE_FAMILY = "1,2";
			};
			name = Debug;
		};
		D64A7FB11B6F56E7008BA89F /* Release */ = {
			isa = XCBuildConfiguration;
			buildSettings = {
				ALWAYS_SEARCH_USER_PATHS = NO;
				CLANG_CXX_LANGUAGE_STANDARD = "gnu++0x";
				CLANG_CXX_LIBRARY = "libc++";
				CLANG_ENABLE_MODULES = YES;
				CLANG_ENABLE_OBJC_ARC = YES;
				CLANG_WARN_BOOL_CONVERSION = YES;
				CLANG_WARN_CONSTANT_CONVERSION = YES;
				CLANG_WARN_DIRECT_OBJC_ISA_USAGE = YES_ERROR;
				CLANG_WARN_EMPTY_BODY = YES;
				CLANG_WARN_ENUM_CONVERSION = YES;
				CLANG_WARN_INT_CONVERSION = YES;
				CLANG_WARN_OBJC_ROOT_CLASS = YES_ERROR;
				CLANG_WARN_UNREACHABLE_CODE = YES;
				CLANG_WARN__DUPLICATE_METHOD_MATCH = YES;
				"CODE_SIGN_IDENTITY[sdk=iphoneos*]" = "iPhone Developer";
				COPY_PHASE_STRIP = NO;
				DEBUG_INFORMATION_FORMAT = "dwarf-with-dsym";
				ENABLE_NS_ASSERTIONS = NO;
				ENABLE_STRICT_OBJC_MSGSEND = YES;
				GCC_C_LANGUAGE_STANDARD = gnu99;
				GCC_NO_COMMON_BLOCKS = YES;
				GCC_WARN_64_TO_32_BIT_CONVERSION = YES;
				GCC_WARN_ABOUT_RETURN_TYPE = YES_ERROR;
				GCC_WARN_UNDECLARED_SELECTOR = YES;
				GCC_WARN_UNINITIALIZED_AUTOS = YES_AGGRESSIVE;
				GCC_WARN_UNUSED_FUNCTION = YES;
				GCC_WARN_UNUSED_VARIABLE = YES;
				IPHONEOS_DEPLOYMENT_TARGET = 8.4;
				MTL_ENABLE_DEBUG_INFO = NO;
				SDKROOT = iphoneos;
				TARGETED_DEVICE_FAMILY = "1,2";
				VALIDATE_PRODUCT = YES;
			};
			name = Release;
		};
		D64A7FB31B6F56E7008BA89F /* Debug */ = {
			isa = XCBuildConfiguration;
			buildSettings = {
				ASSETCATALOG_COMPILER_APPICON_NAME = AppIcon;
				INFOPLIST_FILE = sjvideoEffect/Info.plist;
				LD_RUNPATH_SEARCH_PATHS = "$(inherited) @executable_path/Frameworks";
				PRODUCT_NAME = "$(TARGET_NAME)";
			};
			name = Debug;
		};
		D64A7FB41B6F56E7008BA89F /* Release */ = {
			isa = XCBuildConfiguration;
			buildSettings = {
				ASSETCATALOG_COMPILER_APPICON_NAME = AppIcon;
				INFOPLIST_FILE = sjvideoEffect/Info.plist;
				LD_RUNPATH_SEARCH_PATHS = "$(inherited) @executable_path/Frameworks";
				PRODUCT_NAME = "$(TARGET_NAME)";
			};
			name = Release;
		};
		D64A7FB61B6F56E7008BA89F /* Debug */ = {
			isa = XCBuildConfiguration;
			buildSettings = {
				BUNDLE_LOADER = "$(TEST_HOST)";
				FRAMEWORK_SEARCH_PATHS = (
					"$(SDKROOT)/Developer/Library/Frameworks",
					"$(inherited)",
				);
				GCC_PREPROCESSOR_DEFINITIONS = (
					"DEBUG=1",
					"$(inherited)",
				);
				INFOPLIST_FILE = sjvideoEffectTests/Info.plist;
				LD_RUNPATH_SEARCH_PATHS = "$(inherited) @executable_path/Frameworks @loader_path/Frameworks";
				PRODUCT_NAME = "$(TARGET_NAME)";
				TEST_HOST = "$(BUILT_PRODUCTS_DIR)/sjvideoEffect.app/sjvideoEffect";
			};
			name = Debug;
		};
		D64A7FB71B6F56E7008BA89F /* Release */ = {
			isa = XCBuildConfiguration;
			buildSettings = {
				BUNDLE_LOADER = "$(TEST_HOST)";
				FRAMEWORK_SEARCH_PATHS = (
					"$(SDKROOT)/Developer/Library/Frameworks",
					"$(inherited)",
				);
				INFOPLIST_FILE = sjvideoEffectTests/Info.plist;
				LD_RUNPATH_SEARCH_PATHS = "$(inherited) @executable_path/Frameworks @loader_path/Frameworks";
				PRODUCT_NAME = "$(TARGET_NAME)";
				TEST_HOST = "$(BUILT_PRODUCTS_DIR)/sjvideoEffect.app/sjvideoEffect";
			};
			name = Release;
		};
/* End XCBuildConfiguration section */

/* Begin XCConfigurationList section */
		D64A7F8A1B6F56E6008BA89F /* Build configuration list for PBXProject "sjvideoEffect" */ = {
			isa = XCConfigurationList;
			buildConfigurations = (
				D64A7FB01B6F56E7008BA89F /* Debug */,
				D64A7FB11B6F56E7008BA89F /* Release */,
			);
			defaultConfigurationIsVisible = 0;
			defaultConfigurationName = Release;
		};
		D64A7FB21B6F56E7008BA89F /* Build configuration list for PBXNativeTarget "sjvideoEffect" */ = {
			isa = XCConfigurationList;
			buildConfigurations = (
				D64A7FB31B6F56E7008BA89F /* Debug */,
				D64A7FB41B6F56E7008BA89F /* Release */,
			);
			defaultConfigurationIsVisible = 0;
		};
		D64A7FB51B6F56E7008BA89F /* Build configuration list for PBXNativeTarget "sjvideoEffectTests" */ = {
			isa = XCConfigurationList;
			buildConfigurations = (
				D64A7FB61B6F56E7008BA89F /* Debug */,
				D64A7FB71B6F56E7008BA89F /* Release */,
			);
			defaultConfigurationIsVisible = 0;
		};
/* End XCConfigurationList section */
	};
	rootObject = D64A7F871B6F56E6008BA89F /* Project object */;
}
